Microsoft Visual Studio Solution File, Format Version 12.00
# Visual Studio Version 17
VisualStudioVersion = 17.13.35931.197
MinimumVisualStudioVersion = 10.0.40219.1
Project("{FAE04EC0-301F-11D3-BF4B-00C04F79EFBC}") = "AppNumerosDaSorte", "AppNumerosDaSorte\AppNumerosDaSorte.csproj", "{3CEE98E5-163D-4F30-AD92-AA2E600EDC5A}"
EndProject
Project("{2150E333-8FDC-42A3-9474-1A3956D46DE8}") = "App01", "App01", "{02EA681E-C7D8-13C7-8484-4AC65E1B71E8}"
EndProject
Project("{2150E333-8FDC-42A3-9474-1A3956D46DE8}") = "App02", "App02", "{BB85E96A-C3C0-4D90-869A-3C8E3B2CF6A8}"
EndProject
Project("{FAE04EC0-301F-11D3-BF4B-00C04F79EFBC}") = "AppContentPage", "AppContentPage\AppContentPage.csproj", "{B1409CBD-D92D-4EE9-9B39-2B71BEF33F53}"
EndProject
Project("{FAE04EC0-301F-11D3-BF4B-00C04F79EFBC}") = "AppNavigationPage", "AppNavigationPage\AppNavigationPage.csproj", "{1F6BC21B-ECDA-45B0-93E4-D3447A8A309A}"
EndProject
Project("{FAE04EC0-301F-11D3-BF4B-00C04F79EFBC}") = "AppFlyoutPage", "AppFlyoutPage\AppFlyoutPage.csproj", "{787C9986-CF1A-4064-9220-0773AC528DF1}"
EndProject
Project("{FAE04EC0-301F-11D3-BF4B-00C04F79EFBC}") = "AppTabbedPage", "AppTabbedPage\AppTabbedPage.csproj", "{400CBB5C-7FE6-4815-A946-8E1D5F1FE6FC}"
EndProject
Project("{2150E333-8FDC-42A3-9474-1A3956D46DE8}") = "App03", "App03", "{B9CD4A64-9EE9-4FD1-91B5-DCBA8C6525CC}"
EndProject
Project("{2150E333-8FDC-42A3-9474-1A3956D46DE8}") = "App04", "App04", "{60018E38-A5C7-4C89-A4D6-717B05EBFDA7}"
EndProject
Project("{FAE04EC0-301F-11D3-BF4B-00C04F79EFBC}") = "AppJogoForca", "AppJogoForca\AppJogoForca.csproj", "{E22C67E6-AACB-4FC8-804C-8813315D043B}"
EndProject
Project("{FAE04EC0-301F-11D3-BF4B-00C04F79EFBC}") = "AppMAUIGallery", "AppMAUIGallery\AppMAUIGallery.csproj", "{155F4E65-BAAA-110F-B6E2-530A103B39AC}"
EndProject
Project("{2150E333-8FDC-42A3-9474-1A3956D46DE8}") = "App05", "App05", "{801939F7-1CE2-42EC-9D83-E1566F65701B}"
EndProject
Project("{FAE04EC0-301F-11D3-BF4B-00C04F79EFBC}") = "AppTask", "AppTask\AppTask.csproj", "{2524B564-06DB-4190-B8B1-D2DBDF93B6B6}"
EndProject
Global
	GlobalSection(SolutionConfigurationPlatforms) = preSolution
		Debug|Any CPU = Debug|Any CPU
		Release|Any CPU = Release|Any CPU
	EndGlobalSection
	GlobalSection(ProjectConfigurationPlatforms) = postSolution
		{3CEE98E5-163D-4F30-AD92-AA2E600EDC5A}.Debug|Any CPU.ActiveCfg = Debug|Any CPU
		{3CEE98E5-163D-4F30-AD92-AA2E600EDC5A}.Debug|Any CPU.Build.0 = Debug|Any CPU
		{3CEE98E5-163D-4F30-AD92-AA2E600EDC5A}.Debug|Any CPU.Deploy.0 = Debug|Any CPU
		{3CEE98E5-163D-4F30-AD92-AA2E600EDC5A}.Release|Any CPU.ActiveCfg = Release|Any CPU
		{3CEE98E5-163D-4F30-AD92-AA2E600EDC5A}.Release|Any CPU.Build.0 = Release|Any CPU
		{B1409CBD-D92D-4EE9-9B39-2B71BEF33F53}.Debug|Any CPU.ActiveCfg = Debug|Any CPU
		{B1409CBD-D92D-4EE9-9B39-2B71BEF33F53}.Debug|Any CPU.Build.0 = Debug|Any CPU
		{B1409CBD-D92D-4EE9-9B39-2B71BEF33F53}.Debug|Any CPU.Deploy.0 = Debug|Any CPU
		{B1409CBD-D92D-4EE9-9B39-2B71BEF33F53}.Release|Any CPU.ActiveCfg = Release|Any CPU
		{B1409CBD-D92D-4EE9-9B39-2B71BEF33F53}.Release|Any CPU.Build.0 = Release|Any CPU
		{1F6BC21B-ECDA-45B0-93E4-D3447A8A309A}.Debug|Any CPU.ActiveCfg = Debug|Any CPU
		{1F6BC21B-ECDA-45B0-93E4-D3447A8A309A}.Debug|Any CPU.Build.0 = Debug|Any CPU
		{1F6BC21B-ECDA-45B0-93E4-D3447A8A309A}.Debug|Any CPU.Deploy.0 = Debug|Any CPU
		{1F6BC21B-ECDA-45B0-93E4-D3447A8A309A}.Release|Any CPU.ActiveCfg = Release|Any CPU
		{1F6BC21B-ECDA-45B0-93E4-D3447A8A309A}.Release|Any CPU.Build.0 = Release|Any CPU
		{787C9986-CF1A-4064-9220-0773AC528DF1}.Debug|Any CPU.ActiveCfg = Debug|Any CPU
		{787C9986-CF1A-4064-9220-0773AC528DF1}.Debug|Any CPU.Build.0 = Debug|Any CPU
		{787C9986-CF1A-4064-9220-0773AC528DF1}.Debug|Any CPU.Deploy.0 = Debug|Any CPU
		{787C9986-CF1A-4064-9220-0773AC528DF1}.Release|Any CPU.ActiveCfg = Release|Any CPU
		{787C9986-CF1A-4064-9220-0773AC528DF1}.Release|Any CPU.Build.0 = Release|Any CPU
		{400CBB5C-7FE6-4815-A946-8E1D5F1FE6FC}.Debug|Any CPU.ActiveCfg = Debug|Any CPU
		{400CBB5C-7FE6-4815-A946-8E1D5F1FE6FC}.Debug|Any CPU.Build.0 = Debug|Any CPU
		{400CBB5C-7FE6-4815-A946-8E1D5F1FE6FC}.Debug|Any CPU.Deploy.0 = Debug|Any CPU
		{400CBB5C-7FE6-4815-A946-8E1D5F1FE6FC}.Release|Any CPU.ActiveCfg = Release|Any CPU
		{400CBB5C-7FE6-4815-A946-8E1D5F1FE6FC}.Release|Any CPU.Build.0 = Release|Any CPU
		{E22C67E6-AACB-4FC8-804C-8813315D043B}.Debug|Any CPU.ActiveCfg = Debug|Any CPU
		{E22C67E6-AACB-4FC8-804C-8813315D043B}.Debug|Any CPU.Build.0 = Debug|Any CPU
		{E22C67E6-AACB-4FC8-804C-8813315D043B}.Debug|Any CPU.Deploy.0 = Debug|Any CPU
		{E22C67E6-AACB-4FC8-804C-8813315D043B}.Release|Any CPU.ActiveCfg = Release|Any CPU
		{E22C67E6-AACB-4FC8-804C-8813315D043B}.Release|Any CPU.Build.0 = Release|Any CPU
		{155F4E65-BAAA-110F-B6E2-530A103B39AC}.Debug|Any CPU.ActiveCfg = Debug|Any CPU
		{155F4E65-BAAA-110F-B6E2-530A103B39AC}.Debug|Any CPU.Build.0 = Debug|Any CPU
		{155F4E65-BAAA-110F-B6E2-530A103B39AC}.Debug|Any CPU.Deploy.0 = Debug|Any CPU
		{155F4E65-BAAA-110F-B6E2-530A103B39AC}.Release|Any CPU.ActiveCfg = Release|Any CPU
		{155F4E65-BAAA-110F-B6E2-530A103B39AC}.Release|Any CPU.Build.0 = Release|Any CPU
		{155F4E65-BAAA-110F-B6E2-530A103B39AC}.Release|Any CPU.Deploy.0 = Release|Any CPU
		{2524B564-06DB-4190-B8B1-D2DBDF93B6B6}.Debug|Any CPU.ActiveCfg = Debug|Any CPU
		{2524B564-06DB-4190-B8B1-D2DBDF93B6B6}.Debug|Any CPU.Build.0 = Debug|Any CPU
		{2524B564-06DB-4190-B8B1-D2DBDF93B6B6}.Debug|Any CPU.Deploy.0 = Debug|Any CPU
		{2524B564-06DB-4190-B8B1-D2DBDF93B6B6}.Release|Any CPU.ActiveCfg = Release|Any CPU
		{2524B564-06DB-4190-B8B1-D2DBDF93B6B6}.Release|Any CPU.Build.0 = Release|Any CPU
	EndGlobalSection
	GlobalSection(SolutionProperties) = preSolution
		HideSolutionNode = FALSE
	EndGlobalSection
	GlobalSection(NestedProjects) = preSolution
		{3CEE98E5-163D-4F30-AD92-AA2E600EDC5A} = {02EA681E-C7D8-13C7-8484-4AC65E1B71E8}
		{B1409CBD-D92D-4EE9-9B39-2B71BEF33F53} = {BB85E96A-C3C0-4D90-869A-3C8E3B2CF6A8}
		{1F6BC21B-ECDA-45B0-93E4-D3447A8A309A} = {BB85E96A-C3C0-4D90-869A-3C8E3B2CF6A8}
		{787C9986-CF1A-4064-9220-0773AC528DF1} = {BB85E96A-C3C0-4D90-869A-3C8E3B2CF6A8}
		{400CBB5C-7FE6-4815-A946-8E1D5F1FE6FC} = {BB85E96A-C3C0-4D90-869A-3C8E3B2CF6A8}
		{E22C67E6-AACB-4FC8-804C-8813315D043B} = {60018E38-A5C7-4C89-A4D6-717B05EBFDA7}
		{155F4E65-BAAA-110F-B6E2-530A103B39AC} = {B9CD4A64-9EE9-4FD1-91B5-DCBA8C6525CC}
		{2524B564-06DB-4190-B8B1-D2DBDF93B6B6} = {801939F7-1CE2-42EC-9D83-E1566F65701B}
	EndGlobalSection
	GlobalSection(ExtensibilityGlobals) = postSolution
		SolutionGuid = {718820E9-861A-407F-A159-6B3E6F679E7D}
	EndGlobalSection
EndGlobal
